Microsoft Visual Studio Solution File, Format Version 12.00
# Visual Studio Version 17
VisualStudioVersion = 17.5.2.0
MinimumVisualStudioVersion = 10.0.40219.1
Project("{FAE04EC0-301F-11D3-BF4B-00C04F79EFBC}") = "helper-csharp", "helper-csharp\helper-csharp.csproj", "{4F069EE5-59BC-C88B-B30E-BFE05DA16802}"
EndProject
Project("{FAE04EC0-301F-11D3-BF4B-00C04F79EFBC}") = "idle-tracker", "idle-tracker\idle-tracker.csproj", "{CEB84F75-4567-6C37-46CC-D488934D30C7}"
EndProject
Global
	GlobalSection(SolutionConfigurationPlatforms) = preSolution
		Debug|Any CPU = Debug|Any CPU
		Release|Any CPU = Release|Any CPU
	EndGlobalSection
	GlobalSection(ProjectConfigurationPlatforms) = postSolution
		{4F069EE5-59BC-C88B-B30E-BFE05DA16802}.Debug|Any CPU.ActiveCfg = Debug|Any CPU
		{4F069EE5-59BC-C88B-B30E-BFE05DA16802}.Debug|Any CPU.Build.0 = Debug|Any CPU
		{4F069EE5-59BC-C88B-B30E-BFE05DA16802}.Release|Any CPU.ActiveCfg = Release|Any CPU
		{4F069EE5-59BC-C88B-B30E-BFE05DA16802}.Release|Any CPU.Build.0 = Release|Any CPU
		{CEB84F75-4567-6C37-46CC-D488934D30C7}.Debug|Any CPU.ActiveCfg = Debug|Any CPU
		{CEB84F75-4567-6C37-46CC-D488934D30C7}.Debug|Any CPU.Build.0 = Debug|Any CPU
		{CEB84F75-4567-6C37-46CC-D488934D30C7}.Release|Any CPU.ActiveCfg = Release|Any CPU
		{CEB84F75-4567-6C37-46CC-D488934D30C7}.Release|Any CPU.Build.0 = Release|Any CPU
	EndGlobalSection
	GlobalSection(SolutionProperties) = preSolution
		HideSolutionNode = FALSE
	EndGlobalSection
	GlobalSection(ExtensibilityGlobals) = postSolution
		SolutionGuid = {0DD256B5-D4CF-4079-AC17-0F67F16CC327}
	EndGlobalSection
EndGlobal
